// !$*UTF8*$!
{
	archiveVersion = 1;
	classes = {
	};
	objectVersion = 77;
	objects = {

/* Begin PBXContainerItemProxy section */
		ED40EFAD2D63520400A897C8 /* PBXContainerItemProxy */ = {
			isa = PBXContainerItemProxy;
			containerPortal = ED40EF942D63520400A897C8 /* Project object */;
			proxyType = 1;
			remoteGlobalIDString = ED40EF9B2D63520400A897C8;
			remoteInfo = IndyCrm;
		};
		ED40EFB72D63520500A897C8 /* PBXContainerItemProxy */ = {
			isa = PBXContainerItemProxy;
			containerPortal = ED40EF942D63520400A897C8 /* Project object */;
			proxyType = 1;
			remoteGlobalIDString = ED40EF9B2D63520400A897C8;
			remoteInfo = IndyCrm;
		};
/* End PBXContainerItemProxy section */

/* Begin PBXFileReference section */
		ED40EF9C2D63520400A897C8 /* IndyCrm.app */ = {isa = PBXFileReference; explicitFileType = wrapper.application; includeInIndex = 0; path = IndyCrm.app; sourceTree = BUILT_PRODUCTS_DIR; };
		ED40EFAC2D63520400A897C8 /* IndyCrmTests.xctest */ = {isa = PBXFileReference; explicitFileType = wrapper.cfbundle; includeInIndex = 0; path = IndyCrmTests.xctest; sourceTree = BUILT_PRODUCTS_DIR; };
		ED40EFB62D63520500A897C8 /* IndyCrmUITests.xctest */ = {isa = PBXFileReference; explicitFileType = wrapper.cfbundle; includeInIndex = 0; path = IndyCrmUITests.xctest; sourceTree = BUILT_PRODUCTS_DIR; };
		ED6B4DA12D635D9E0077ED52 /* IndyCrm.xcodeproj */ = {isa = PBXFileReference; lastKnownFileType = "wrapper.pb-project"; path = IndyCrm.xcodeproj; sourceTree = "<group>"; };
/* End PBXFileReference section */

/* Begin PBXFileSystemSynchronizedRootGroup section */
		ED40EF9E2D63520400A897C8 /* IndyCrm */ = {
			isa = PBXFileSystemSynchronizedRootGroup;
			path = IndyCrm;
			sourceTree = "<group>";
		};
		ED40EFAF2D63520400A897C8 /* IndyCrmTests */ = {
			isa = PBXFileSystemSynchronizedRootGroup;
			path = IndyCrmTests;
			sourceTree = "<group>";
		};
		ED40EFB92D63520500A897C8 /* IndyCrmUITests */ = {
			isa = PBXFileSystemSynchronizedRootGroup;
			path = IndyCrmUITests;
			sourceTree = "<group>";
		};
/* End PBXFileSystemSynchronizedRootGroup section */

/* Begin PBXFrameworksBuildPhase section */
		ED40EF992D63520400A897C8 /* Frameworks */ = {
			isa = PBXFrameworksBuildPhase;
			buildActionMask = 2147483647;
			files = (
			);
			runOnlyForDeploymentPostprocessing = 0;
		};
		ED40EFA92D63520400A897C8 /* Frameworks */ = {
			isa = PBXFrameworksBuildPhase;
			buildActionMask = 2147483647;
			files = (
			);
			runOnlyForDeploymentPostprocessing = 0;
		};
		ED40EFB32D63520500A897C8 /* Frameworks */ = {
			isa = PBXFrameworksBuildPhase;
			buildActionMask = 2147483647;
			files = (
			);
			runOnlyForDeploymentPostprocessing = 0;
		};
/* End PBXFrameworksBuildPhase section */

/* Begin PBXGroup section */
		ED40EF932D63520400A897C8 = {
			isa = PBXGroup;
			children = (
				ED40EF9E2D63520400A897C8 /* IndyCrm */,
				ED40EFAF2D63520400A897C8 /* IndyCrmTests */,
				ED40EFB92D63520500A897C8 /* IndyCrmUITests */,
				ED40EF9D2D63520400A897C8 /* Products */,
			);
			sourceTree = "<group>";
		};
		ED40EF9D2D63520400A897C8 /* Products */ = {
			isa = PBXGroup;
			children = (
				ED40EF9C2D63520400A897C8 /* IndyCrm.app */,
				ED40EFAC2D63520400A897C8 /* IndyCrmTests.xctest */,
				ED40EFB62D63520500A897C8 /* IndyCrmUITests.xctest */,
			);
			name = Products;
			sourceTree = "<group>";
		};
		ED6B4DA22D635D9E0077ED52 /* Products */ = {
			isa = PBXGroup;
			name = Products;
			sourceTree = "<group>";
		};
/* End PBXGroup section */

/* Begin PBXNativeTarget section */
		ED40EF9B2D63520400A897C8 /* IndyCrm */ = {
			isa = PBXNativeTarget;
			buildConfigurationList = ED40EFC02D63520500A897C8 /* Build configuration list for PBXNativeTarget "IndyCrm" */;
			buildPhases = (
				ED40EF982D63520400A897C8 /* Sources */,
				ED40EF992D63520400A897C8 /* Frameworks */,
				ED40EF9A2D63520400A897C8 /* Resources */,
			);
			buildRules = (
			);
			dependencies = (
			);
			fileSystemSynchronizedGroups = (
				ED40EF9E2D63520400A897C8 /* IndyCrm */,
			);
			name = IndyCrm;
			packageProductDependencies = (
			);
			productName = IndyCrm;
			productReference = ED40EF9C2D63520400A897C8 /* IndyCrm.app */;
			productType = "com.apple.product-type.application";
		};
		ED40EFAB2D63520400A897C8 /* IndyCrmTests */ = {
			isa = PBXNativeTarget;
			buildConfigurationList = ED40EFC32D63520500A897C8 /* Build configuration list for PBXNativeTarget "IndyCrmTests" */;
			buildPhases = (
				ED40EFA82D63520400A897C8 /* Sources */,
				ED40EFA92D63520400A897C8 /* Frameworks */,
				ED40EFAA2D63520400A897C8 /* Resources */,
			);
			buildRules = (
			);
			dependencies = (
				ED40EFAE2D63520400A897C8 /* PBXTargetDependency */,
			);
			fileSystemSynchronizedGroups = (
				ED40EFAF2D63520400A897C8 /* IndyCrmTests */,
			);
			name = IndyCrmTests;
			packageProductDependencies = (
			);
			productName = IndyCrmTests;
			productReference = ED40EFAC2D63520400A897C8 /* IndyCrmTests.xctest */;
			productType = "com.apple.product-type.bundle.unit-test";
		};
		ED40EFB52D63520500A897C8 /* IndyCrmUITests */ = {
			isa = PBXNativeTarget;
			buildConfigurationList = ED40EFC62D63520500A897C8 /* Build configuration list for PBXNativeTarget "IndyCrmUITests" */;
			buildPhases = (
				ED40EFB22D63520500A897C8 /* Sources */,
				ED40EFB32D63520500A897C8 /* Frameworks */,
				ED40EFB42D63520500A897C8 /* Resources */,
			);
			buildRules = (
			);
			dependencies = (
				ED40EFB82D63520500A897C8 /* PBXTargetDependency */,
			);
			fileSystemSynchronizedGroups = (
				ED40EFB92D63520500A897C8 /* IndyCrmUITests */,
			);
			name = IndyCrmUITests;
			packageProductDependencies = (
			);
			productName = IndyCrmUITests;
			productReference = ED40EFB62D63520500A897C8 /* IndyCrmUITests.xctest */;
			productType = "com.apple.product-type.bundle.ui-testing";
		};
/* End PBXNativeTarget section */

/* Begin PBXProject section */
		ED40EF942D63520400A897C8 /* Project object */ = {
			isa = PBXProject;
			attributes = {
				BuildIndependentTargetsInParallel = 1;
				LastSwiftUpdateCheck = 1620;
				LastUpgradeCheck = 1620;
				TargetAttributes = {
					ED40EF9B2D63520400A897C8 = {
						CreatedOnToolsVersion = 16.2;
					};
					ED40EFAB2D63520400A897C8 = {
						CreatedOnToolsVersion = 16.2;
						TestTargetID = ED40EF9B2D63520400A897C8;
					};
					ED40EFB52D63520500A897C8 = {
						CreatedOnToolsVersion = 16.2;
						TestTargetID = ED40EF9B2D63520400A897C8;
					};
				};
			};
			buildConfigurationList = ED40EF972D63520400A897C8 /* Build configuration list for PBXProject "IndyCrm" */;
			developmentRegion = en;
			hasScannedForEncodings = 0;
			knownRegions = (
				en,
				Base,
			);
			mainGroup = ED40EF932D63520400A897C8;
			minimizedProjectReferenceProxies = 1;
			preferredProjectObjectVersion = 77;
			productRefGroup = ED40EF9D2D63520400A897C8 /* Products */;
			projectDirPath = "";
			projectRoot = "";
			targets = (
				ED40EF9B2D63520400A897C8 /* IndyCrm */,
				ED40EFAB2D63520400A897C8 /* IndyCrmTests */,
				ED40EFB52D63520500A897C8 /* IndyCrmUITests */,
			);
		};
/* End PBXProject section */

/* Begin PBXResourcesBuildPhase section */
		ED40EF9A2D63520400A897C8 /* Resources */ = {
			isa = PBXResourcesBuildPhase;
			buildActionMask = 2147483647;
			files = (
			);
			runOnlyForDeploymentPostprocessing = 0;
		};
		ED40EFAA2D63520400A897C8 /* Resources */ = {
			isa = PBXResourcesBuildPhase;
			buildActionMask = 2147483647;
			files = (
			);
			runOnlyForDeploymentPostprocessing = 0;
		};
		ED40EFB42D63520500A897C8 /* Resources */ = {
			isa = PBXResourcesBuildPhase;
			buildActionMask = 2147483647;
			files = (
			);
			runOnlyForDeploymentPostprocessing = 0;
		};
/* End PBXResourcesBuildPhase section */

/* Begin PBXSourcesBuildPhase section */
		ED40EF982D63520400A897C8 /* Sources */ = {
			isa = PBXSourcesBuildPhase;
			buildActionMask = 2147483647;
			files = (
			);
			runOnlyForDeploymentPostprocessing = 0;
		};
		ED40EFA82D63520400A897C8 /* Sources */ = {
			isa = PBXSourcesBuildPhase;
			buildActionMask = 2147483647;
			files = (
			);
			runOnlyForDeploymentPostprocessing = 0;
		};
		ED40EFB22D63520500A897C8 /* Sources */ = {
			isa = PBXSourcesBuildPhase;
			buildActionMask = 2147483647;
			files = (
			);
			runOnlyForDeploymentPostprocessing = 0;
		};
/* End PBXSourcesBuildPhase section */

/* Begin PBXTargetDependency section */
		ED40EFAE2D63520400A897C8 /* PBXTargetDependency */ = {
			isa = PBXTargetDependency;
			target = ED40EF9B2D63520400A897C8 /* IndyCrm */;
			targetProxy = ED40EFAD2D63520400A897C8 /* PBXContainerItemProxy */;
		};
		ED40EFB82D63520500A897C8 /* PBXTargetDependency */ = {
			isa = PBXTargetDependency;
			target = ED40EF9B2D63520400A897C8 /* IndyCrm */;
			targetProxy = ED40EFB72D63520500A897C8 /* PBXContainerItemProxy */;
		};
/* End PBXTargetDependency section */

/* Begin XCBuildConfiguration section */
		ED40EFBE2D63520500A897C8 /* Debug */ = {
			isa = XCBuildConfiguration;
			buildSettings = {
				ALWAYS_SEARCH_USER_PATHS = NO;
				ASSETCATALOG_COMPILER_GENERATE_SWIFT_ASSET_SYMBOL_EXTENSIONS = YES;
				CLANG_ANALYZER_NONNULL = YES;
				CLANG_ANALYZER_NUMBER_OBJECT_CONVERSION = YES_AGGRESSIVE;
				CLANG_CXX_LANGUAGE_STANDARD = "gnu++20";
				CLANG_ENABLE_MODULES = YES;
				CLANG_ENABLE_OBJC_ARC = YES;
				CLANG_ENABLE_OBJC_WEAK = YES;
				CLANG_WARN_BLOCK_CAPTURE_AUTORELEASING = YES;
				CLANG_WARN_BOOL_CONVERSION = YES;
				CLANG_WARN_COMMA = YES;
				CLANG_WARN_CONSTANT_CONVERSION = YES;
				CLANG_WARN_DEPRECATED_OBJC_IMPLEMENTATIONS = YES;
				CLANG_WARN_DIRECT_OBJC_ISA_USAGE = YES_ERROR;
				CLANG_WARN_DOCUMENTATION_COMMENTS = YES;
				CLANG_WARN_EMPTY_BODY = YES;
				CLANG_WARN_ENUM_CONVERSION = YES;
				CLANG_WARN_INFINITE_RECURSION = YES;
				CLANG_WARN_INT_CONVERSION = YES;
				CLANG_WARN_NON_LITERAL_NULL_CONVERSION = YES;
				CLANG_WARN_OBJC_IMPLICIT_RETAIN_SELF = YES;
				CLANG_WARN_OBJC_LITERAL_CONVERSION = YES;
				CLANG_WARN_OBJC_ROOT_CLASS = YES_ERROR;
				CLANG_WARN_QUOTED_INCLUDE_IN_FRAMEWORK_HEADER = YES;
				CLANG_WARN_RANGE_LOOP_ANALYSIS = YES;
				CLANG_WARN_STRICT_PROTOTYPES = YES;
				CLANG_WARN_SUSPICIOUS_MOVE = YES;
				CLANG_WARN_UNGUARDED_AVAILABILITY = YES_AGGRESSIVE;
				CLANG_WARN_UNREACHABLE_CODE = YES;
				CLANG_WARN__DUPLICATE_METHOD_MATCH = YES;
				COPY_PHASE_STRIP = NO;
				DEBUG_INFORMATION_FORMAT = dwarf;
				ENABLE_STRICT_OBJC_MSGSEND = YES;
				ENABLE_TESTABILITY = YES;
				ENABLE_USER_SCRIPT_SANDBOXING = YES;
				GCC_C_LANGUAGE_STANDARD = gnu17;
				GCC_DYNAMIC_NO_PIC = NO;
				GCC_NO_COMMON_BLOCKS = YES;
				GCC_OPTIMIZATION_LEVEL = 0;
				GCC_PREPROCESSOR_DEFINITIONS = (
					"DEBUG=1",
					"$(inherited)",
				);
				GCC_WARN_64_TO_32_BIT_CONVERSION = YES;
				GCC_WARN_ABOUT_RETURN_TYPE = YES_ERROR;
				GCC_WARN_UNDECLARED_SELECTOR = YES;
				GCC_WARN_UNINITIALIZED_AUTOS = YES_AGGRESSIVE;
				GCC_WARN_UNUSED_FUNCTION = YES;
				GCC_WARN_UNUSED_VARIABLE = YES;
				IPHONEOS_DEPLOYMENT_TARGET = 18.2;
				LOCALIZATION_PREFERS_STRING_CATALOGS = YES;
				MTL_ENABLE_DEBUG_INFO = INCLUDE_SOURCE;
				MTL_FAST_MATH = YES;
				ONLY_ACTIVE_ARCH = YES;
				SDKROOT = iphoneos;
				SWIFT_ACTIVE_COMPILATION_CONDITIONS = "DEBUG $(inherited)";
				SWIFT_OPTIMIZATION_LEVEL = "-Onone";
			};
			name = Debug;
		};
		ED40EFBF2D63520500A897C8 /* Release */ = {
			isa = XCBuildConfiguration;
			buildSettings = {
				ALWAYS_SEARCH_USER_PATHS = NO;
				ASSETCATALOG_COMPILER_GENERATE_SWIFT_ASSET_SYMBOL_EXTENSIONS = YES;
				CLANG_ANALYZER_NONNULL = YES;
				CLANG_ANALYZER_NUMBER_OBJECT_CONVERSION = YES_AGGRESSIVE;
				CLANG_CXX_LANGUAGE_STANDARD = "gnu++20";
				CLANG_ENABLE_MODULES = YES;
				CLANG_ENABLE_OBJC_ARC = YES;
				CLANG_ENABLE_OBJC_WEAK = YES;
				CLANG_WARN_BLOCK_CAPTURE_AUTORELEASING = YES;
				CLANG_WARN_BOOL_CONVERSION = YES;
				CLANG_WARN_COMMA = YES;
				CLANG_WARN_CONSTANT_CONVERSION = YES;
				CLANG_WARN_DEPRECATED_OBJC_IMPLEMENTATIONS = YES;
				CLANG_WARN_DIRECT_OBJC_ISA_USAGE = YES_ERROR;
				CLANG_WARN_DOCUMENTATION_COMMENTS = YES;
				CLANG_WARN_EMPTY_BODY = YES;
				CLANG_WARN_ENUM_CONVERSION = YES;
				CLANG_WARN_INFINITE_RECURSION = YES;
				CLANG_WARN_INT_CONVERSION = YES;
				CLANG_WARN_NON_LITERAL_NULL_CONVERSION = YES;
				CLANG_WARN_OBJC_IMPLICIT_RETAIN_SELF = YES;
				CLANG_WARN_OBJC_LITERAL_CONVERSION = YES;
				CLANG_WARN_OBJC_ROOT_CLASS = YES_ERROR;
				CLANG_WARN_QUOTED_INCLUDE_IN_FRAMEWORK_HEADER = YES;
				CLANG_WARN_RANGE_LOOP_ANALYSIS = YES;
				CLANG_WARN_STRICT_PROTOTYPES = YES;
				CLANG_WARN_SUSPICIOUS_MOVE = YES;
				CLANG_WARN_UNGUARDED_AVAILABILITY = YES_AGGRESSIVE;
				CLANG_WARN_UNREACHABLE_CODE = YES;
				CLANG_WARN__DUPLICATE_METHOD_MATCH = YES;
				COPY_PHASE_STRIP = NO;
				DEBUG_INFORMATION_FORMAT = "dwarf-with-dsym";
				ENABLE_NS_ASSERTIONS = NO;
				ENABLE_STRICT_OBJC_MSGSEND = YES;
				ENABLE_USER_SCRIPT_SANDBOXING = YES;
				GCC_C_LANGUAGE_STANDARD = gnu17;
				GCC_NO_COMMON_BLOCKS = YES;
				GCC_WARN_64_TO_32_BIT_CONVERSION = YES;
				GCC_WARN_ABOUT_RETURN_TYPE = YES_ERROR;
				GCC_WARN_UNDECLARED_SELECTOR = YES;
				GCC_WARN_UNINITIALIZED_AUTOS = YES_AGGRESSIVE;
				GCC_WARN_UNUSED_FUNCTION = YES;
				GCC_WARN_UNUSED_VARIABLE = YES;
				IPHONEOS_DEPLOYMENT_TARGET = 18.2;
				LOCALIZATION_PREFERS_STRING_CATALOGS = YES;
				MTL_ENABLE_DEBUG_INFO = NO;
				MTL_FAST_MATH = YES;
				SDKROOT = iphoneos;
				SWIFT_COMPILATION_MODE = wholemodule;
				VALIDATE_PRODUCT = YES;
			};
			name = Release;
		};
		ED40EFC12D63520500A897C8 /* Debug */ = {
			isa = XCBuildConfiguration;
			buildSettings = {
				ASSETCATALOG_COMPILER_APPICON_NAME = AppIcon;
				ASSETCATALOG_COMPILER_GLOBAL_ACCENT_COLOR_NAME = AccentColor;
				CODE_SIGN_STYLE = Automatic;
				CURRENT_PROJECT_VERSION = 1;
				DEVELOPMENT_ASSET_PATHS = "\"IndyCrm/Preview Content\"";
				DEVELOPMENT_TEAM = 5WUC3D8BMJ;
				ENABLE_PREVIEWS = YES;
				GENERATE_INFOPLIST_FILE = YES;
				INFOPLIST_KEY_UIApplicationSceneManifest_Generation = YES;
				INFOPLIST_KEY_UIApplicationSupportsIndirectInputEvents = YES;
				INFOPLIST_KEY_UILaunchScreen_Generation = YES;
				INFOPLIST_KEY_UISupportedInterfaceOrientations_iPad = "UIInterfaceOrientationPortrait UIInterfaceOrientationPortraitUpsideDown UIInterfaceOrientationLandscapeLeft UIInterfaceOrientationLandscapeRight";
				INFOPLIST_KEY_UISupportedInterfaceOrientations_iPhone = "UIInterfaceOrientationPortrait UIInterfaceOrientationLandscapeLeft UIInterfaceOrientationLandscapeRight";
				LD_RUNPATH_SEARCH_PATHS = (
					"$(inherited)",
					"@executable_path/Frameworks",
				);
				MARKETING_VERSION = 1.0;
				PRODUCT_BUNDLE_IDENTIFIER = AppGravaAndy.IndyCrm;
				PRODUCT_NAME = "$(TARGET_NAME)";
				SWIFT_EMIT_LOC_STRINGS = YES;
				SWIFT_VERSION = 5.0;
				TARGETED_DEVICE_FAMILY = "1,2";
			};
			name = Debug;
		};
		ED40EFC22D63520500A897C8 /* Release */ = {
			isa = XCBuildConfiguration;
			buildSettings = {
				ASSETCATALOG_COMPILER_APPICON_NAME = AppIcon;
				ASSETCATALOG_COMPILER_GLOBAL_ACCENT_COLOR_NAME = AccentColor;
				CODE_SIGN_STYLE = Automatic;
				CURRENT_PROJECT_VERSION = 1;
				DEVELOPMENT_ASSET_PATHS = "\"IndyCrm/Preview Content\"";
				DEVELOPMENT_TEAM = 5WUC3D8BMJ;
				ENABLE_PREVIEWS = YES;
				GENERATE_INFOPLIST_FILE = YES;
				INFOPLIST_KEY_UIApplicationSceneManifest_Generation = YES;
				INFOPLIST_KEY_UIApplicationSupportsIndirectInputEvents = YES;
				INFOPLIST_KEY_UILaunchScreen_Generation = YES;
				INFOPLIST_KEY_UISupportedInterfaceOrientations_iPad = "UIInterfaceOrientationPortrait UIInterfaceOrientationPortraitUpsideDown UIInterfaceOrientationLandscapeLeft UIInterfaceOrientationLandscapeRight";
				INFOPLIST_KEY_UISupportedInterfaceOrientations_iPhone = "UIInterfaceOrientationPortrait UIInterfaceOrientationLandscapeLeft UIInterfaceOrientationLandscapeRight";
				LD_RUNPATH_SEARCH_PATHS = (
					"$(inherited)",
					"@executable_path/Frameworks",
				);
				MARKETING_VERSION = 1.0;
				PRODUCT_BUNDLE_IDENTIFIER = AppGravaAndy.IndyCrm;
				PRODUCT_NAME = "$(TARGET_NAME)";
				SWIFT_EMIT_LOC_STRINGS = YES;
				SWIFT_VERSION = 5.0;
				TARGETED_DEVICE_FAMILY = "1,2";
			};
			name = Release;
		};
		ED40EFC42D63520500A897C8 /* Debug */ = {
			isa = XCBuildConfiguration;
			buildSettings = {
				BUNDLE_LOADER = "$(TEST_HOST)";
				CODE_SIGN_STYLE = Automatic;
				CURRENT_PROJECT_VERSION = 1;
				DEVELOPMENT_TEAM = 5WUC3D8BMJ;
				GENERATE_INFOPLIST_FILE = YES;
				IPHONEOS_DEPLOYMENT_TARGET = 18.2;
				MARKETING_VERSION = 1.0;
				PRODUCT_BUNDLE_IDENTIFIER = AppGravaAndy.IndyCrmTests;
				PRODUCT_NAME = "$(TARGET_NAME)";
				SWIFT_EMIT_LOC_STRINGS = NO;
				SWIFT_VERSION = 5.0;
				TARGETED_DEVICE_FAMILY = "1,2";
				TEST_HOST = "$(BUILT_PRODUCTS_DIR)/IndyCrm.app/$(BUNDLE_EXECUTABLE_FOLDER_PATH)/IndyCrm";
			};
			name = Debug;
		};
		ED40EFC52D63520500A897C8 /* Release */ = {
			isa = XCBuildConfiguration;
			buildSettings = {
				BUNDLE_LOADER = "$(TEST_HOST)";
				CODE_SIGN_STYLE = Automatic;
				CURRENT_PROJECT_VERSION = 1;
				DEVELOPMENT_TEAM = 5WUC3D8BMJ;
				GENERATE_INFOPLIST_FILE = YES;
				IPHONEOS_DEPLOYMENT_TARGET = 18.2;
				MARKETING_VERSION = 1.0;
				PRODUCT_BUNDLE_IDENTIFIER = AppGravaAndy.IndyCrmTests;
				PRODUCT_NAME = "$(TARGET_NAME)";
				SWIFT_EMIT_LOC_STRINGS = NO;
				SWIFT_VERSION = 5.0;
				TARGETED_DEVICE_FAMILY = "1,2";
				TEST_HOST = "$(BUILT_PRODUCTS_DIR)/IndyCrm.app/$(BUNDLE_EXECUTABLE_FOLDER_PATH)/IndyCrm";
			};
			name = Release;
		};
		ED40EFC72D63520500A897C8 /* Debug */ = {
			isa = XCBuildConfiguration;
			buildSettings = {
				CODE_SIGN_STYLE = Automatic;
				CURRENT_PROJECT_VERSION = 1;
				DEVELOPMENT_TEAM = 5WUC3D8BMJ;
				GENERATE_INFOPLIST_FILE = YES;
				MARKETING_VERSION = 1.0;
				PRODUCT_BUNDLE_IDENTIFIER = AppGravaAndy.IndyCrmUITests;
				PRODUCT_NAME = "$(TARGET_NAME)";
				SWIFT_EMIT_LOC_STRINGS = NO;
				SWIFT_VERSION = 5.0;
				TARGETED_DEVICE_FAMILY = "1,2";
				TEST_TARGET_NAME = IndyCrm;
			};
			name = Debug;
		};
		ED40EFC82D63520500A897C8 /* Release */ = {
			isa = XCBuildConfiguration;
			buildSettings = {
				CODE_SIGN_STYLE = Automatic;
				CURRENT_PROJECT_VERSION = 1;
				DEVELOPMENT_TEAM = 5WUC3D8BMJ;
				GENERATE_INFOPLIST_FILE = YES;
				MARKETING_VERSION = 1.0;
				PRODUCT_BUNDLE_IDENTIFIER = AppGravaAndy.IndyCrmUITests;
				PRODUCT_NAME = "$(TARGET_NAME)";
				SWIFT_EMIT_LOC_STRINGS = NO;
				SWIFT_VERSION = 5.0;
				TARGETED_DEVICE_FAMILY = "1,2";
				TEST_TARGET_NAME = IndyCrm;
			};
			name = Release;
		};
/* End XCBuildConfiguration section */

/* Begin XCConfigurationList section */
		ED40EF972D63520400A897C8 /* Build configuration list for PBXProject "IndyCrm" */ = {
			isa = XCConfigurationList;
			buildConfigurations = (
				ED40EFBE2D63520500A897C8 /* Debug */,
				ED40EFBF2D63520500A897C8 /* Release */,
			);
			defaultConfigurationIsVisible = 0;
			defaultConfigurationName = Release;
		};
		ED40EFC02D63520500A897C8 /* Build configuration list for PBXNativeTarget "IndyCrm" */ = {
			isa = XCConfigurationList;
			buildConfigurations = (
				ED40EFC12D63520500A897C8 /* Debug */,
				ED40EFC22D63520500A897C8 /* Release */,
			);
			defaultConfigurationIsVisible = 0;
			defaultConfigurationName = Release;
		};
		ED40EFC32D63520500A897C8 /* Build configuration list for PBXNativeTarget "IndyCrmTests" */ = {
			isa = XCConfigurationList;
			buildConfigurations = (
				ED40EFC42D63520500A897C8 /* Debug */,
				ED40EFC52D63520500A897C8 /* Release */,
			);
			defaultConfigurationIsVisible = 0;
			defaultConfigurationName = Release;
		};
		ED40EFC62D63520500A897C8 /* Build configuration list for PBXNativeTarget "IndyCrmUITests" */ = {
			isa = XCConfigurationList;
			buildConfigurations = (
				ED40EFC72D63520500A897C8 /* Debug */,
				ED40EFC82D63520500A897C8 /* Release */,
			);
			defaultConfigurationIsVisible = 0;
			defaultConfigurationName = Release;
		};
/* End XCConfigurationList section */

		1234567890ABCDEF = {
			isa = XCRemoteSwiftPackageReference;
			requirement = {
				kind = upToNextMajorVersion;
				minimumVersion = 7.0.0;
			};
		};
		
		1234567890ABCDE1 = {
			isa = XCSwiftPackageProductDependency;
		};
		
		1234567890ABCDE2 = {
			isa = XCSwiftPackageProductDependency;
		};
	};
	rootObject = ED40EF942D63520400A897C8 /* Project object */;
}
